
Microsoft Visual Studio Solution File, Format Version 12.00
# Visual Studio Version 17
VisualStudioVersion = 17.0.32112.339
MinimumVisualStudioVersion = 10.0.40219.1
Project("{2150E333-8FDC-42A3-9474-1A3956D46DE8}") = "Services", "Services", "{3015BBBF-B5D1-4B30-A26D-209A333B26F5}"
EndProject
Project("{2150E333-8FDC-42A3-9474-1A3956D46DE8}") = "Catalog", "Catalog", "{5699E649-EE8C-454E-A7EF-07FBCDA0235B}"
EndProject
Project("{9A19103F-16F7-4668-BE54-9A1E7A4F7556}") = "Catalog.API", "Services\Catalog\Catalog.API\Catalog.API.csproj", "{D9113FFB-6C05-4378-BD91-53FF6F56FE56}"
EndProject
Project("{E53339B2-1760-4266-BCC7-CA923CBCF16C}") = "docker-compose", "docker-compose.dcproj", "{C69E3E3E-ADE4-4A6C-87AF-1F4588D6F2D0}"
EndProject
Project("{2150E333-8FDC-42A3-9474-1A3956D46DE8}") = "Basket", "Basket", "{ADE46FF3-C07D-4063-A34B-DADDA29BB492}"
EndProject
Project("{9A19103F-16F7-4668-BE54-9A1E7A4F7556}") = "Basket.API", "Services\Basket\Basket.API\Basket.API.csproj", "{EE771962-5DB7-40F1-BBE4-DC509C792498}"
EndProject
Project("{2150E333-8FDC-42A3-9474-1A3956D46DE8}") = "Discount", "Discount", "{43555969-83F7-493E-B9E8-58920277D0B2}"
EndProject
Project("{9A19103F-16F7-4668-BE54-9A1E7A4F7556}") = "Discount.API", "Services\Discount\Discount.API\Discount.API.csproj", "{9CC4A388-5871-420C-BD41-5472AEE170D2}"
EndProject
Project("{9A19103F-16F7-4668-BE54-9A1E7A4F7556}") = "Discount.Grpc", "Services\Discount\Discount.Grpc\Discount.Grpc.csproj", "{E1389F01-525A-4483-84CB-C9BA7A6DB462}"
EndProject
Project("{2150E333-8FDC-42A3-9474-1A3956D46DE8}") = "Ordering", "Ordering", "{520B8818-6398-4987-92A3-9B56226975DD}"
EndProject
Project("{9A19103F-16F7-4668-BE54-9A1E7A4F7556}") = "Ordering.API", "Services\Ordering\Ordering.API\Ordering.API.csproj", "{76846C6D-FF43-4FCF-BF94-4B914B20B93C}"
EndProject
Project("{9A19103F-16F7-4668-BE54-9A1E7A4F7556}") = "Ordering.Domain", "Services\Ordering\Ordering.Domain\Ordering.Domain.csproj", "{1D649E27-219A-40AF-9CDC-C1482145C7D6}"
EndProject
Project("{9A19103F-16F7-4668-BE54-9A1E7A4F7556}") = "Ordering.Application", "Services\Ordering\Ordering.Application\Ordering.Application.csproj", "{7C93606A-8508-41C9-A81C-B737ABDC6068}"
EndProject
Project("{9A19103F-16F7-4668-BE54-9A1E7A4F7556}") = "Ordering.Infrastructure", "Services\Ordering\Ordering.Infrastructure\Ordering.Infrastructure.csproj", "{80866C25-318D-4C59-B94E-F5C209BE9D0B}"
EndProject
Project("{2150E333-8FDC-42A3-9474-1A3956D46DE8}") = "BuildingBlocks", "BuildingBlocks", "{6F1A5D06-781E-4D20-80EC-BD275A77B755}"
EndProject
Project("{9A19103F-16F7-4668-BE54-9A1E7A4F7556}") = "EventBus.Messages", "BuildingBlocks\EventBus.Messages\EventBus.Messages.csproj", "{CCD21CC4-2098-439C-A75E-65990D634C98}"
EndProject
Project("{2150E333-8FDC-42A3-9474-1A3956D46DE8}") = "ApiGateways", "ApiGateways", "{2AFCCFC9-F2DF-4F04-A637-7BEA621D12FC}"
EndProject
Project("{9A19103F-16F7-4668-BE54-9A1E7A4F7556}") = "OcelotApiGw", "ApiGateways\OcelotApiGw\OcelotApiGw.csproj", "{098F77F8-3E3C-44D1-92E0-4EE5E6809779}"
EndProject
Project("{9A19103F-16F7-4668-BE54-9A1E7A4F7556}") = "Shopping.Aggregator", "ApiGateways\Shopping.Aggregator\Shopping.Aggregator.csproj", "{FC125E5C-751C-4417-A85B-EA013C629A1E}"
EndProject
Global
	GlobalSection(SolutionConfigurationPlatforms) = preSolution
		Debug|Any CPU = Debug|Any CPU
		Release|Any CPU = Release|Any CPU
	EndGlobalSection
	GlobalSection(ProjectConfigurationPlatforms) = postSolution
		{D9113FFB-6C05-4378-BD91-53FF6F56FE56}.Debug|Any CPU.ActiveCfg = Debug|Any CPU
		{D9113FFB-6C05-4378-BD91-53FF6F56FE56}.Debug|Any CPU.Build.0 = Debug|Any CPU
		{D9113FFB-6C05-4378-BD91-53FF6F56FE56}.Release|Any CPU.ActiveCfg = Release|Any CPU
		{D9113FFB-6C05-4378-BD91-53FF6F56FE56}.Release|Any CPU.Build.0 = Release|Any CPU
		{C69E3E3E-ADE4-4A6C-87AF-1F4588D6F2D0}.Debug|Any CPU.ActiveCfg = Debug|Any CPU
		{C69E3E3E-ADE4-4A6C-87AF-1F4588D6F2D0}.Debug|Any CPU.Build.0 = Debug|Any CPU
		{C69E3E3E-ADE4-4A6C-87AF-1F4588D6F2D0}.Release|Any CPU.ActiveCfg = Release|Any CPU
		{C69E3E3E-ADE4-4A6C-87AF-1F4588D6F2D0}.Release|Any CPU.Build.0 = Release|Any CPU
		{EE771962-5DB7-40F1-BBE4-DC509C792498}.Debug|Any CPU.ActiveCfg = Debug|Any CPU
		{EE771962-5DB7-40F1-BBE4-DC509C792498}.Debug|Any CPU.Build.0 = Debug|Any CPU
		{EE771962-5DB7-40F1-BBE4-DC509C792498}.Release|Any CPU.ActiveCfg = Release|Any CPU
		{EE771962-5DB7-40F1-BBE4-DC509C792498}.Release|Any CPU.Build.0 = Release|Any CPU
		{9CC4A388-5871-420C-BD41-5472AEE170D2}.Debug|Any CPU.ActiveCfg = Debug|Any CPU
		{9CC4A388-5871-420C-BD41-5472AEE170D2}.Debug|Any CPU.Build.0 = Debug|Any CPU
		{9CC4A388-5871-420C-BD41-5472AEE170D2}.Release|Any CPU.ActiveCfg = Release|Any CPU
		{9CC4A388-5871-420C-BD41-5472AEE170D2}.Release|Any CPU.Build.0 = Release|Any CPU
		{E1389F01-525A-4483-84CB-C9BA7A6DB462}.Debug|Any CPU.ActiveCfg = Debug|Any CPU
		{E1389F01-525A-4483-84CB-C9BA7A6DB462}.Debug|Any CPU.Build.0 = Debug|Any CPU
		{E1389F01-525A-4483-84CB-C9BA7A6DB462}.Release|Any CPU.ActiveCfg = Release|Any CPU
		{E1389F01-525A-4483-84CB-C9BA7A6DB462}.Release|Any CPU.Build.0 = Release|Any CPU
		{76846C6D-FF43-4FCF-BF94-4B914B20B93C}.Debug|Any CPU.ActiveCfg = Debug|Any CPU
		{76846C6D-FF43-4FCF-BF94-4B914B20B93C}.Debug|Any CPU.Build.0 = Debug|Any CPU
		{76846C6D-FF43-4FCF-BF94-4B914B20B93C}.Release|Any CPU.ActiveCfg = Release|Any CPU
		{76846C6D-FF43-4FCF-BF94-4B914B20B93C}.Release|Any CPU.Build.0 = Release|Any CPU
		{1D649E27-219A-40AF-9CDC-C1482145C7D6}.Debug|Any CPU.ActiveCfg = Debug|Any CPU
		{1D649E27-219A-40AF-9CDC-C1482145C7D6}.Debug|Any CPU.Build.0 = Debug|Any CPU
		{1D649E27-219A-40AF-9CDC-C1482145C7D6}.Release|Any CPU.ActiveCfg = Release|Any CPU
		{1D649E27-219A-40AF-9CDC-C1482145C7D6}.Release|Any CPU.Build.0 = Release|Any CPU
		{7C93606A-8508-41C9-A81C-B737ABDC6068}.Debug|Any CPU.ActiveCfg = Debug|Any CPU
		{7C93606A-8508-41C9-A81C-B737ABDC6068}.Debug|Any CPU.Build.0 = Debug|Any CPU
		{7C93606A-8508-41C9-A81C-B737ABDC6068}.Release|Any CPU.ActiveCfg = Release|Any CPU
		{7C93606A-8508-41C9-A81C-B737ABDC6068}.Release|Any CPU.Build.0 = Release|Any CPU
		{80866C25-318D-4C59-B94E-F5C209BE9D0B}.Debug|Any CPU.ActiveCfg = Debug|Any CPU
		{80866C25-318D-4C59-B94E-F5C209BE9D0B}.Debug|Any CPU.Build.0 = Debug|Any CPU
		{80866C25-318D-4C59-B94E-F5C209BE9D0B}.Release|Any CPU.ActiveCfg = Release|Any CPU
		{80866C25-318D-4C59-B94E-F5C209BE9D0B}.Release|Any CPU.Build.0 = Release|Any CPU
		{CCD21CC4-2098-439C-A75E-65990D634C98}.Debug|Any CPU.ActiveCfg = Debug|Any CPU
		{CCD21CC4-2098-439C-A75E-65990D634C98}.Debug|Any CPU.Build.0 = Debug|Any CPU
		{CCD21CC4-2098-439C-A75E-65990D634C98}.Release|Any CPU.ActiveCfg = Release|Any CPU
		{CCD21CC4-2098-439C-A75E-65990D634C98}.Release|Any CPU.Build.0 = Release|Any CPU
		{098F77F8-3E3C-44D1-92E0-4EE5E6809779}.Debug|Any CPU.ActiveCfg = Debug|Any CPU
		{098F77F8-3E3C-44D1-92E0-4EE5E6809779}.Debug|Any CPU.Build.0 = Debug|Any CPU
		{098F77F8-3E3C-44D1-92E0-4EE5E6809779}.Release|Any CPU.ActiveCfg = Release|Any CPU
		{098F77F8-3E3C-44D1-92E0-4EE5E6809779}.Release|Any CPU.Build.0 = Release|Any CPU
		{FC125E5C-751C-4417-A85B-EA013C629A1E}.Debug|Any CPU.ActiveCfg = Debug|Any CPU
		{FC125E5C-751C-4417-A85B-EA013C629A1E}.Debug|Any CPU.Build.0 = Debug|Any CPU
		{FC125E5C-751C-4417-A85B-EA013C629A1E}.Release|Any CPU.ActiveCfg = Release|Any CPU
		{FC125E5C-751C-4417-A85B-EA013C629A1E}.Release|Any CPU.Build.0 = Release|Any CPU
	EndGlobalSection
	GlobalSection(SolutionProperties) = preSolution
		HideSolutionNode = FALSE
	EndGlobalSection
	GlobalSection(NestedProjects) = preSolution
		{5699E649-EE8C-454E-A7EF-07FBCDA0235B} = {3015BBBF-B5D1-4B30-A26D-209A333B26F5}
		{D9113FFB-6C05-4378-BD91-53FF6F56FE56} = {5699E649-EE8C-454E-A7EF-07FBCDA0235B}
		{ADE46FF3-C07D-4063-A34B-DADDA29BB492} = {3015BBBF-B5D1-4B30-A26D-209A333B26F5}
		{EE771962-5DB7-40F1-BBE4-DC509C792498} = {ADE46FF3-C07D-4063-A34B-DADDA29BB492}
		{43555969-83F7-493E-B9E8-58920277D0B2} = {3015BBBF-B5D1-4B30-A26D-209A333B26F5}
		{9CC4A388-5871-420C-BD41-5472AEE170D2} = {43555969-83F7-493E-B9E8-58920277D0B2}
		{E1389F01-525A-4483-84CB-C9BA7A6DB462} = {43555969-83F7-493E-B9E8-58920277D0B2}
		{520B8818-6398-4987-92A3-9B56226975DD} = {3015BBBF-B5D1-4B30-A26D-209A333B26F5}
		{76846C6D-FF43-4FCF-BF94-4B914B20B93C} = {520B8818-6398-4987-92A3-9B56226975DD}
		{1D649E27-219A-40AF-9CDC-C1482145C7D6} = {520B8818-6398-4987-92A3-9B56226975DD}
		{7C93606A-8508-41C9-A81C-B737ABDC6068} = {520B8818-6398-4987-92A3-9B56226975DD}
		{80866C25-318D-4C59-B94E-F5C209BE9D0B} = {520B8818-6398-4987-92A3-9B56226975DD}
		{CCD21CC4-2098-439C-A75E-65990D634C98} = {6F1A5D06-781E-4D20-80EC-BD275A77B755}
		{098F77F8-3E3C-44D1-92E0-4EE5E6809779} = {2AFCCFC9-F2DF-4F04-A637-7BEA621D12FC}
		{FC125E5C-751C-4417-A85B-EA013C629A1E} = {2AFCCFC9-F2DF-4F04-A637-7BEA621D12FC}
	EndGlobalSection
	GlobalSection(ExtensibilityGlobals) = postSolution
		SolutionGuid = {302AEFE9-C6B6-4372-ACBB-BB7CA9ECA855}
	EndGlobalSection
EndGlobal
