
Microsoft Visual Studio Solution File, Format Version 12.00
# Visual Studio Version 17
VisualStudioVersion = 17.0.32112.339
MinimumVisualStudioVersion = 10.0.40219.1
Project("{2150E333-8FDC-42A3-9474-1A3956D46DE8}") = "Services", "Services", "{3015BBBF-B5D1-4B30-A26D-209A333B26F5}"
EndProject
Project("{2150E333-8FDC-42A3-9474-1A3956D46DE8}") = "Catalog", "Catalog", "{5699E649-EE8C-454E-A7EF-07FBCDA0235B}"
EndProject
Project("{9A19103F-16F7-4668-BE54-9A1E7A4F7556}") = "Catalog.API", "Services\Catalog\Catalog.API\Catalog.API.csproj", "{D9113FFB-6C05-4378-BD91-53FF6F56FE56}"
EndProject
Project("{E53339B2-1760-4266-BCC7-CA923CBCF16C}") = "docker-compose", "docker-compose.dcproj", "{C69E3E3E-ADE4-4A6C-87AF-1F4588D6F2D0}"
EndProject
Global
	GlobalSection(SolutionConfigurationPlatforms) = preSolution
		Debug|Any CPU = Debug|Any CPU
		Release|Any CPU = Release|Any CPU
	EndGlobalSection
	GlobalSection(ProjectConfigurationPlatforms) = postSolution
		{D9113FFB-6C05-4378-BD91-53FF6F56FE56}.Debug|Any CPU.ActiveCfg = Debug|Any CPU
		{D9113FFB-6C05-4378-BD91-53FF6F56FE56}.Debug|Any CPU.Build.0 = Debug|Any CPU
		{D9113FFB-6C05-4378-BD91-53FF6F56FE56}.Release|Any CPU.ActiveCfg = Release|Any CPU
		{D9113FFB-6C05-4378-BD91-53FF6F56FE56}.Release|Any CPU.Build.0 = Release|Any CPU
		{C69E3E3E-ADE4-4A6C-87AF-1F4588D6F2D0}.Debug|Any CPU.ActiveCfg = Debug|Any CPU
		{C69E3E3E-ADE4-4A6C-87AF-1F4588D6F2D0}.Debug|Any CPU.Build.0 = Debug|Any CPU
		{C69E3E3E-ADE4-4A6C-87AF-1F4588D6F2D0}.Release|Any CPU.ActiveCfg = Release|Any CPU
		{C69E3E3E-ADE4-4A6C-87AF-1F4588D6F2D0}.Release|Any CPU.Build.0 = Release|Any CPU
	EndGlobalSection
	GlobalSection(SolutionProperties) = preSolution
		HideSolutionNode = FALSE
	EndGlobalSection
	GlobalSection(NestedProjects) = preSolution
		{5699E649-EE8C-454E-A7EF-07FBCDA0235B} = {3015BBBF-B5D1-4B30-A26D-209A333B26F5}
		{D9113FFB-6C05-4378-BD91-53FF6F56FE56} = {5699E649-EE8C-454E-A7EF-07FBCDA0235B}
	EndGlobalSection
	GlobalSection(ExtensibilityGlobals) = postSolution
		SolutionGuid = {302AEFE9-C6B6-4372-ACBB-BB7CA9ECA855}
	EndGlobalSection
EndGlobal
